
Microsoft Visual Studio Solution File, Format Version 12.00
# Visual Studio Version 17
VisualStudioVersion = 17.9.34728.123
MinimumVisualStudioVersion = 10.0.40219.1
Project("{9A19103F-16F7-4668-BE54-9A1E7A4F7556}") = "Coding_challenge_CareerHub", "Coding_challenge\Coding_challenge_CareerHub.csproj", "{C61CAE77-D3F3-41F1-AD07-F181E4357322}"
EndProject
Global
	GlobalSection(SolutionConfigurationPlatforms) = preSolution
		Debug|Any CPU = Debug|Any CPU
		Release|Any CPU = Release|Any CPU
	EndGlobalSection
	GlobalSection(ProjectConfigurationPlatforms) = postSolution
		{C61CAE77-D3F3-41F1-AD07-F181E4357322}.Debug|Any CPU.ActiveCfg = Debug|Any CPU
		{C61CAE77-D3F3-41F1-AD07-F181E4357322}.Debug|Any CPU.Build.0 = Debug|Any CPU
		{C61CAE77-D3F3-41F1-AD07-F181E4357322}.Release|Any CPU.ActiveCfg = Release|Any CPU
		{C61CAE77-D3F3-41F1-AD07-F181E4357322}.Release|Any CPU.Build.0 = Release|Any CPU
	EndGlobalSection
	GlobalSection(SolutionProperties) = preSolution
		HideSolutionNode = FALSE
	EndGlobalSection
	GlobalSection(ExtensibilityGlobals) = postSolution
		SolutionGuid = {B0EFB2D2-E80E-4521-9226-6B95A53875CC}
	EndGlobalSection
EndGlobal
